
Microsoft Visual Studio Solution File, Format Version 12.00
# Visual Studio 14
VisualStudioVersion = 14.0.23107.0
MinimumVisualStudioVersion = 10.0.40219.1
Project("{FAE04EC0-301F-11D3-BF4B-00C04F79EFBC}") = "Forms", "Forms\Forms.csproj", "{1E8FE1E9-7250-4FCE-A819-5D0ACA6616E3}"
EndProject
Project("{FAE04EC0-301F-11D3-BF4B-00C04F79EFBC}") = "Datatable", "Datatable\Datatable.csproj", "{EA5893DF-8566-4689-BB80-DCDA1FAFE2E4}"
EndProject
Global
	GlobalSection(SolutionConfigurationPlatforms) = preSolution
		Debug|Any CPU = Debug|Any CPU
		Release|Any CPU = Release|Any CPU
	EndGlobalSection
	GlobalSection(ProjectConfigurationPlatforms) = postSolution
		{1E8FE1E9-7250-4FCE-A819-5D0ACA6616E3}.Debug|Any CPU.ActiveCfg = Debug|Any CPU
		{1E8FE1E9-7250-4FCE-A819-5D0ACA6616E3}.Debug|Any CPU.Build.0 = Debug|Any CPU
		{1E8FE1E9-7250-4FCE-A819-5D0ACA6616E3}.Release|Any CPU.ActiveCfg = Release|Any CPU
		{1E8FE1E9-7250-4FCE-A819-5D0ACA6616E3}.Release|Any CPU.Build.0 = Release|Any CPU
		{EA5893DF-8566-4689-BB80-DCDA1FAFE2E4}.Debug|Any CPU.ActiveCfg = Debug|Any CPU
		{EA5893DF-8566-4689-BB80-DCDA1FAFE2E4}.Debug|Any CPU.Build.0 = Debug|Any CPU
		{EA5893DF-8566-4689-BB80-DCDA1FAFE2E4}.Release|Any CPU.ActiveCfg = Release|Any CPU
		{EA5893DF-8566-4689-BB80-DCDA1FAFE2E4}.Release|Any CPU.Build.0 = Release|Any CPU
	EndGlobalSection
	GlobalSection(SolutionProperties) = preSolution
		HideSolutionNode = FALSE
	EndGlobalSection
EndGlobal
